
Microsoft Visual Studio Solution File, Format Version 12.00
Project("{FAE04EC0-301F-11D3-BF4B-00C04F79EFBC}") = "GhibliUniverse.Console", "GhibliUniverse.Console\GhibliUniverse.Console.csproj", "{B71D6B66-23EA-421B-9ACF-6EF30E8CC1B8}"
EndProject
Project("{FAE04EC0-301F-11D3-BF4B-00C04F79EFBC}") = "GhibliUniverse.Tests", "GhibliUniverse.Tests\GhibliUniverse.Tests.csproj", "{4972BD01-923B-4938-A5B0-B747BF1D72F3}"
EndProject
Project("{FAE04EC0-301F-11D3-BF4B-00C04F79EFBC}") = "GhibliUniverse.WebAPI", "GhibliUniverse.WebAPI\GhibliUniverse.WebAPI.csproj", "{8A00C449-92D2-4989-BEB2-254780540999}"
EndProject
Global
	GlobalSection(SolutionConfigurationPlatforms) = preSolution
		Debug|Any CPU = Debug|Any CPU
		Release|Any CPU = Release|Any CPU
	EndGlobalSection
	GlobalSection(ProjectConfigurationPlatforms) = postSolution
		{B71D6B66-23EA-421B-9ACF-6EF30E8CC1B8}.Debug|Any CPU.ActiveCfg = Debug|Any CPU
		{B71D6B66-23EA-421B-9ACF-6EF30E8CC1B8}.Debug|Any CPU.Build.0 = Debug|Any CPU
		{B71D6B66-23EA-421B-9ACF-6EF30E8CC1B8}.Release|Any CPU.ActiveCfg = Release|Any CPU
		{B71D6B66-23EA-421B-9ACF-6EF30E8CC1B8}.Release|Any CPU.Build.0 = Release|Any CPU
		{4972BD01-923B-4938-A5B0-B747BF1D72F3}.Debug|Any CPU.ActiveCfg = Debug|Any CPU
		{4972BD01-923B-4938-A5B0-B747BF1D72F3}.Debug|Any CPU.Build.0 = Debug|Any CPU
		{4972BD01-923B-4938-A5B0-B747BF1D72F3}.Release|Any CPU.ActiveCfg = Release|Any CPU
		{4972BD01-923B-4938-A5B0-B747BF1D72F3}.Release|Any CPU.Build.0 = Release|Any CPU
		{8A00C449-92D2-4989-BEB2-254780540999}.Debug|Any CPU.ActiveCfg = Debug|Any CPU
		{8A00C449-92D2-4989-BEB2-254780540999}.Debug|Any CPU.Build.0 = Debug|Any CPU
		{8A00C449-92D2-4989-BEB2-254780540999}.Release|Any CPU.ActiveCfg = Release|Any CPU
		{8A00C449-92D2-4989-BEB2-254780540999}.Release|Any CPU.Build.0 = Release|Any CPU
	EndGlobalSection
EndGlobal
